// !$*UTF8*$!
{
	archiveVersion = 1;
	classes = {
	};
	objectVersion = 48;
	objects = {

/* Begin PBXBuildFile section */
		0A3FEE950A80657F8669BF45 /* Pods_HTNSwift.framework in Frameworks */ = {isa = PBXBuildFile; fileRef = 73D55FC39CF7C270DFD0E9C5 /* Pods_HTNSwift.framework */; };
		0A64CBAC1F8E1FB9003ACB5F /* AppDelegate.swift in Sources */ = {isa = PBXBuildFile; fileRef = 0A64CBAB1F8E1FB9003ACB5F /* AppDelegate.swift */; };
		0A64CBAE1F8E1FB9003ACB5F /* ViewController.swift in Sources */ = {isa = PBXBuildFile; fileRef = 0A64CBAD1F8E1FB9003ACB5F /* ViewController.swift */; };
		0A64CBB01F8E1FB9003ACB5F /* Assets.xcassets in Resources */ = {isa = PBXBuildFile; fileRef = 0A64CBAF1F8E1FB9003ACB5F /* Assets.xcassets */; };
		0A64CBB31F8E1FB9003ACB5F /* Main.storyboard in Resources */ = {isa = PBXBuildFile; fileRef = 0A64CBB11F8E1FB9003ACB5F /* Main.storyboard */; };
		0A64CBBD1F8E2007003ACB5F /* HTMLTokenizer.swift in Sources */ = {isa = PBXBuildFile; fileRef = 0A64CBBC1F8E2007003ACB5F /* HTMLTokenizer.swift */; };
		0A64CBBF1F8E48C2003ACB5F /* HTMLTreeBuilder.swift in Sources */ = {isa = PBXBuildFile; fileRef = 0A64CBBE1F8E48C1003ACB5F /* HTMLTreeBuilder.swift */; };
		0A64CBC31F8E4986003ACB5F /* Document.swift in Sources */ = {isa = PBXBuildFile; fileRef = 0A64CBC21F8E4986003ACB5F /* Document.swift */; };
		0A64CBC71F8E4A84003ACB5F /* HTMLToken.swift in Sources */ = {isa = PBXBuildFile; fileRef = 0A64CBC61F8E4A84003ACB5F /* HTMLToken.swift */; };
		0A64CBC91F8E4BFA003ACB5F /* Element.swift in Sources */ = {isa = PBXBuildFile; fileRef = 0A64CBC81F8E4BFA003ACB5F /* Element.swift */; };
		0A64CBCB1F8E4CFE003ACB5F /* Node.swift in Sources */ = {isa = PBXBuildFile; fileRef = 0A64CBCA1F8E4CFE003ACB5F /* Node.swift */; };
		0A64CBCF1F8E4F80003ACB5F /* Attribute.swift in Sources */ = {isa = PBXBuildFile; fileRef = 0A64CBCE1F8E4F80003ACB5F /* Attribute.swift */; };
		0A64CBD51F8F0726003ACB5F /* HTNStateMachine.swift in Sources */ = {isa = PBXBuildFile; fileRef = 0A64CBD41F8F0726003ACB5F /* HTNStateMachine.swift */; };
		0A7017DA2061F7F60052570F /* H5EditorStruct.swift in Sources */ = {isa = PBXBuildFile; fileRef = 0A7017D92061F7F60052570F /* H5EditorStruct.swift */; };
		0A7017DC2061F8910052570F /* H5EditorDatasource.swift in Sources */ = {isa = PBXBuildFile; fileRef = 0A7017DB2061F8910052570F /* H5EditorDatasource.swift */; };
		0A7017DE2061FB010052570F /* H5EditorToFrame.swift in Sources */ = {isa = PBXBuildFile; fileRef = 0A7017DD2061FB010052570F /* H5EditorToFrame.swift */; };
		0A7017E0206205C00052570F /* HTNMultilingualism.swift in Sources */ = {isa = PBXBuildFile; fileRef = 0A7017DF206205C00052570F /* HTNMultilingualism.swift */; };
		0A710FF01FAAF97200B55DA9 /* CSSDefault.swift in Sources */ = {isa = PBXBuildFile; fileRef = 0A710FEF1FAAF97200B55DA9 /* CSSDefault.swift */; };
		0A711BF02064B3D600D29D4D /* H5EditorObjc.swift in Sources */ = {isa = PBXBuildFile; fileRef = 0A711BEF2064B3D600D29D4D /* H5EditorObjc.swift */; };
		0A7CCDAA1FA6D75B0032EBB2 /* JSTokenizer.swift in Sources */ = {isa = PBXBuildFile; fileRef = 0A7CCDA91FA6D75B0032EBB2 /* JSTokenizer.swift */; };
		0A7CCDAC1FA6D8370032EBB2 /* JSToken.swift in Sources */ = {isa = PBXBuildFile; fileRef = 0A7CCDAB1FA6D8370032EBB2 /* JSToken.swift */; };
		0A7CCDAE1FA715ED0032EBB2 /* JSTreeBuilder.swift in Sources */ = {isa = PBXBuildFile; fileRef = 0A7CCDAD1FA715ED0032EBB2 /* JSTreeBuilder.swift */; };
		0A8433122057AF9D0052B31B /* JSONToFrame.swift in Sources */ = {isa = PBXBuildFile; fileRef = 0A8433112057AF9D0052B31B /* JSONToFrame.swift */; };
		0A852D031F932C3D00B61F95 /* CSSParser.swift in Sources */ = {isa = PBXBuildFile; fileRef = 0A852D021F932C3D00B61F95 /* CSSParser.swift */; };
		0A852D051F932D0700B61F95 /* CSSStyleSheet.swift in Sources */ = {isa = PBXBuildFile; fileRef = 0A852D041F932D0700B61F95 /* CSSStyleSheet.swift */; };
		0A852D071F932F7600B61F95 /* CSSRule.swift in Sources */ = {isa = PBXBuildFile; fileRef = 0A852D061F932F7600B61F95 /* CSSRule.swift */; };
		0A852D091F932F8500B61F95 /* CSSSelector.swift in Sources */ = {isa = PBXBuildFile; fileRef = 0A852D081F932F8500B61F95 /* CSSSelector.swift */; };
		0A852D0B1F932F9800B61F95 /* CSSDeclaration.swift in Sources */ = {isa = PBXBuildFile; fileRef = 0A852D0A1F932F9800B61F95 /* CSSDeclaration.swift */; };
		0A852D0D1F93776B00B61F95 /* CSSProperty.swift in Sources */ = {isa = PBXBuildFile; fileRef = 0A852D0C1F93776B00B61F95 /* CSSProperty.swift */; };
		0A852D101F939CA500B61F95 /* RenderObject.swift in Sources */ = {isa = PBXBuildFile; fileRef = 0A852D0F1F939CA500B61F95 /* RenderObject.swift */; };
		0A852D121F939FAF00B61F95 /* StyleResolver.swift in Sources */ = {isa = PBXBuildFile; fileRef = 0A852D111F939FAF00B61F95 /* StyleResolver.swift */; };
		0A8B142C206CEE85008CE9F1 /* SMNetWorking.swift in Sources */ = {isa = PBXBuildFile; fileRef = 0A8B142B206CEE85008CE9F1 /* SMNetWorking.swift */; };
		0A8BE3121FA082EB00906BC9 /* JSNode.swift in Sources */ = {isa = PBXBuildFile; fileRef = 0A8BE3111FA082EB00906BC9 /* JSNode.swift */; };
		0ABE0D062068F908006174D6 /* StringExtension.swift in Sources */ = {isa = PBXBuildFile; fileRef = 0ABE0D052068F908006174D6 /* StringExtension.swift */; };
		3F29BFE91FA1944600062CD7 /* HTMLToTexture.swift in Sources */ = {isa = PBXBuildFile; fileRef = 3F29BFE81FA1944600062CD7 /* HTMLToTexture.swift */; };
		3F7816391FA07AA400456F0E /* LayoutElement.swift in Sources */ = {isa = PBXBuildFile; fileRef = 3F7816381FA07AA400456F0E /* LayoutElement.swift */; };
/* End PBXBuildFile section */

/* Begin PBXFileReference section */
		0A64CBA81F8E1FB9003ACB5F /* HTNSwift.app */ = {isa = PBXFileReference; explicitFileType = wrapper.application; includeInIndex = 0; path = HTNSwift.app; sourceTree = BUILT_PRODUCTS_DIR; };
		0A64CBAB1F8E1FB9003ACB5F /* AppDelegate.swift */ = {isa = PBXFileReference; lastKnownFileType = sourcecode.swift; path = AppDelegate.swift; sourceTree = "<group>"; };
		0A64CBAD1F8E1FB9003ACB5F /* ViewController.swift */ = {isa = PBXFileReference; lastKnownFileType = sourcecode.swift; path = ViewController.swift; sourceTree = "<group>"; };
		0A64CBAF1F8E1FB9003ACB5F /* Assets.xcassets */ = {isa = PBXFileReference; lastKnownFileType = folder.assetcatalog; path = Assets.xcassets; sourceTree = "<group>"; };
		0A64CBB21F8E1FB9003ACB5F /* Base */ = {isa = PBXFileReference; lastKnownFileType = file.storyboard; name = Base; path = Base.lproj/Main.storyboard; sourceTree = "<group>"; };
		0A64CBB41F8E1FB9003ACB5F /* Info.plist */ = {isa = PBXFileReference; lastKnownFileType = text.plist.xml; path = Info.plist; sourceTree = "<group>"; };
		0A64CBB51F8E1FB9003ACB5F /* HTNSwift.entitlements */ = {isa = PBXFileReference; lastKnownFileType = text.plist.entitlements; path = HTNSwift.entitlements; sourceTree = "<group>"; };
		0A64CBBC1F8E2007003ACB5F /* HTMLTokenizer.swift */ = {isa = PBXFileReference; lastKnownFileType = sourcecode.swift; path = HTMLTokenizer.swift; sourceTree = "<group>"; };
		0A64CBBE1F8E48C1003ACB5F /* HTMLTreeBuilder.swift */ = {isa = PBXFileReference; lastKnownFileType = sourcecode.swift; path = HTMLTreeBuilder.swift; sourceTree = "<group>"; };
		0A64CBC21F8E4986003ACB5F /* Document.swift */ = {isa = PBXFileReference; lastKnownFileType = sourcecode.swift; path = Document.swift; sourceTree = "<group>"; };
		0A64CBC61F8E4A84003ACB5F /* HTMLToken.swift */ = {isa = PBXFileReference; lastKnownFileType = sourcecode.swift; path = HTMLToken.swift; sourceTree = "<group>"; };
		0A64CBC81F8E4BFA003ACB5F /* Element.swift */ = {isa = PBXFileReference; lastKnownFileType = sourcecode.swift; path = Element.swift; sourceTree = "<group>"; };
		0A64CBCA1F8E4CFE003ACB5F /* Node.swift */ = {isa = PBXFileReference; lastKnownFileType = sourcecode.swift; path = Node.swift; sourceTree = "<group>"; };
		0A64CBCE1F8E4F80003ACB5F /* Attribute.swift */ = {isa = PBXFileReference; lastKnownFileType = sourcecode.swift; path = Attribute.swift; sourceTree = "<group>"; };
		0A64CBD41F8F0726003ACB5F /* HTNStateMachine.swift */ = {isa = PBXFileReference; lastKnownFileType = sourcecode.swift; path = HTNStateMachine.swift; sourceTree = "<group>"; };
		0A7017D92061F7F60052570F /* H5EditorStruct.swift */ = {isa = PBXFileReference; lastKnownFileType = sourcecode.swift; path = H5EditorStruct.swift; sourceTree = "<group>"; };
		0A7017DB2061F8910052570F /* H5EditorDatasource.swift */ = {isa = PBXFileReference; lastKnownFileType = sourcecode.swift; path = H5EditorDatasource.swift; sourceTree = "<group>"; };
		0A7017DD2061FB010052570F /* H5EditorToFrame.swift */ = {isa = PBXFileReference; lastKnownFileType = sourcecode.swift; path = H5EditorToFrame.swift; sourceTree = "<group>"; };
		0A7017DF206205C00052570F /* HTNMultilingualism.swift */ = {isa = PBXFileReference; lastKnownFileType = sourcecode.swift; path = HTNMultilingualism.swift; sourceTree = "<group>"; };
		0A710FEF1FAAF97200B55DA9 /* CSSDefault.swift */ = {isa = PBXFileReference; lastKnownFileType = sourcecode.swift; path = CSSDefault.swift; sourceTree = "<group>"; };
		0A711BEF2064B3D600D29D4D /* H5EditorObjc.swift */ = {isa = PBXFileReference; lastKnownFileType = sourcecode.swift; path = H5EditorObjc.swift; sourceTree = "<group>"; };
		0A7CCDA91FA6D75B0032EBB2 /* JSTokenizer.swift */ = {isa = PBXFileReference; lastKnownFileType = sourcecode.swift; path = JSTokenizer.swift; sourceTree = "<group>"; };
		0A7CCDAB1FA6D8370032EBB2 /* JSToken.swift */ = {isa = PBXFileReference; lastKnownFileType = sourcecode.swift; path = JSToken.swift; sourceTree = "<group>"; };
		0A7CCDAD1FA715ED0032EBB2 /* JSTreeBuilder.swift */ = {isa = PBXFileReference; lastKnownFileType = sourcecode.swift; path = JSTreeBuilder.swift; sourceTree = "<group>"; };
		0A8433112057AF9D0052B31B /* JSONToFrame.swift */ = {isa = PBXFileReference; lastKnownFileType = sourcecode.swift; path = JSONToFrame.swift; sourceTree = "<group>"; };
		0A852D021F932C3D00B61F95 /* CSSParser.swift */ = {isa = PBXFileReference; lastKnownFileType = sourcecode.swift; path = CSSParser.swift; sourceTree = "<group>"; };
		0A852D041F932D0700B61F95 /* CSSStyleSheet.swift */ = {isa = PBXFileReference; lastKnownFileType = sourcecode.swift; path = CSSStyleSheet.swift; sourceTree = "<group>"; };
		0A852D061F932F7600B61F95 /* CSSRule.swift */ = {isa = PBXFileReference; lastKnownFileType = sourcecode.swift; path = CSSRule.swift; sourceTree = "<group>"; };
		0A852D081F932F8500B61F95 /* CSSSelector.swift */ = {isa = PBXFileReference; lastKnownFileType = sourcecode.swift; path = CSSSelector.swift; sourceTree = "<group>"; };
		0A852D0A1F932F9800B61F95 /* CSSDeclaration.swift */ = {isa = PBXFileReference; lastKnownFileType = sourcecode.swift; path = CSSDeclaration.swift; sourceTree = "<group>"; };
		0A852D0C1F93776B00B61F95 /* CSSProperty.swift */ = {isa = PBXFileReference; lastKnownFileType = sourcecode.swift; path = CSSProperty.swift; sourceTree = "<group>"; };
		0A852D0F1F939CA500B61F95 /* RenderObject.swift */ = {isa = PBXFileReference; lastKnownFileType = sourcecode.swift; path = RenderObject.swift; sourceTree = "<group>"; };
		0A852D111F939FAF00B61F95 /* StyleResolver.swift */ = {isa = PBXFileReference; lastKnownFileType = sourcecode.swift; path = StyleResolver.swift; sourceTree = "<group>"; };
		0A8B142B206CEE85008CE9F1 /* SMNetWorking.swift */ = {isa = PBXFileReference; lastKnownFileType = sourcecode.swift; path = SMNetWorking.swift; sourceTree = "<group>"; };
		0A8BE3111FA082EB00906BC9 /* JSNode.swift */ = {isa = PBXFileReference; lastKnownFileType = sourcecode.swift; path = JSNode.swift; sourceTree = "<group>"; };
		0ABE0D052068F908006174D6 /* StringExtension.swift */ = {isa = PBXFileReference; lastKnownFileType = sourcecode.swift; path = StringExtension.swift; sourceTree = "<group>"; };
		3F29BFE81FA1944600062CD7 /* HTMLToTexture.swift */ = {isa = PBXFileReference; lastKnownFileType = sourcecode.swift; path = HTMLToTexture.swift; sourceTree = "<group>"; };
		3F7816381FA07AA400456F0E /* LayoutElement.swift */ = {isa = PBXFileReference; lastKnownFileType = sourcecode.swift; path = LayoutElement.swift; sourceTree = "<group>"; };
		73D55FC39CF7C270DFD0E9C5 /* Pods_HTNSwift.framework */ = {isa = PBXFileReference; explicitFileType = wrapper.framework; includeInIndex = 0; path = Pods_HTNSwift.framework; sourceTree = BUILT_PRODUCTS_DIR; };
		8AA229691E6FB57710066061 /* Pods-HTNSwift.debug.xcconfig */ = {isa = PBXFileReference; includeInIndex = 1; lastKnownFileType = text.xcconfig; name = "Pods-HTNSwift.debug.xcconfig"; path = "Pods/Target Support Files/Pods-HTNSwift/Pods-HTNSwift.debug.xcconfig"; sourceTree = "<group>"; };
		D4B033EB16B9A0EF87E21FC5 /* Pods-HTNSwift.release.xcconfig */ = {isa = PBXFileReference; includeInIndex = 1; lastKnownFileType = text.xcconfig; name = "Pods-HTNSwift.release.xcconfig"; path = "Pods/Target Support Files/Pods-HTNSwift/Pods-HTNSwift.release.xcconfig"; sourceTree = "<group>"; };
/* End PBXFileReference section */

/* Begin PBXFrameworksBuildPhase section */
		0A64CBA51F8E1FB9003ACB5F /* Frameworks */ = {
			isa = PBXFrameworksBuildPhase;
			buildActionMask = 2147483647;
			files = (
				0A3FEE950A80657F8669BF45 /* Pods_HTNSwift.framework in Frameworks */,
			);
			runOnlyForDeploymentPostprocessing = 0;
		};
/* End PBXFrameworksBuildPhase section */

/* Begin PBXGroup section */
		0A64CB9F1F8E1FB9003ACB5F = {
			isa = PBXGroup;
			children = (
				0A64CBAA1F8E1FB9003ACB5F /* HTNSwift */,
				0A64CBA91F8E1FB9003ACB5F /* Products */,
				E56381B4ECEE09A26F28DD40 /* Pods */,
				21D82019BFD8DFE24DD3BB4B /* Frameworks */,
			);
			sourceTree = "<group>";
		};
		0A64CBA91F8E1FB9003ACB5F /* Products */ = {
			isa = PBXGroup;
			children = (
				0A64CBA81F8E1FB9003ACB5F /* HTNSwift.app */,
			);
			name = Products;
			sourceTree = "<group>";
		};
		0A64CBAA1F8E1FB9003ACB5F /* HTNSwift */ = {
			isa = PBXGroup;
			children = (
				0A7017D82061F7E50052570F /* H5Editor */,
				0A64CBD21F8F06C0003ACB5F /* Core */,
				0A64CBAB1F8E1FB9003ACB5F /* AppDelegate.swift */,
				0A64CBAD1F8E1FB9003ACB5F /* ViewController.swift */,
				0A64CBAF1F8E1FB9003ACB5F /* Assets.xcassets */,
				0A64CBB11F8E1FB9003ACB5F /* Main.storyboard */,
				0A64CBB41F8E1FB9003ACB5F /* Info.plist */,
				0A64CBB51F8E1FB9003ACB5F /* HTNSwift.entitlements */,
			);
			path = HTNSwift;
			sourceTree = "<group>";
		};
		0A64CBBB1F8E1FD8003ACB5F /* HTML */ = {
			isa = PBXGroup;
			children = (
				0A64CBCE1F8E4F80003ACB5F /* Attribute.swift */,
				0A64CBC81F8E4BFA003ACB5F /* Element.swift */,
				0A64CBC21F8E4986003ACB5F /* Document.swift */,
				0A64CBC61F8E4A84003ACB5F /* HTMLToken.swift */,
				0A64CBBC1F8E2007003ACB5F /* HTMLTokenizer.swift */,
				0A64CBBE1F8E48C1003ACB5F /* HTMLTreeBuilder.swift */,
			);
			path = HTML;
			sourceTree = "<group>";
		};
		0A64CBD21F8F06C0003ACB5F /* Core */ = {
			isa = PBXGroup;
			children = (
				0AE212111F95F24C00473E6D /* JavaScript */,
				0A852D0E1F93968B00B61F95 /* Layout */,
				0A64CBD31F8F070A003ACB5F /* HTNFundation */,
				0A852D011F93216200B61F95 /* CSS */,
				0A64CBBB1F8E1FD8003ACB5F /* HTML */,
			);
			path = Core;
			sourceTree = "<group>";
		};
		0A64CBD31F8F070A003ACB5F /* HTNFundation */ = {
			isa = PBXGroup;
			children = (
				0A64CBCA1F8E4CFE003ACB5F /* Node.swift */,
				0A64CBD41F8F0726003ACB5F /* HTNStateMachine.swift */,
				0A7017DF206205C00052570F /* HTNMultilingualism.swift */,
				0ABE0D052068F908006174D6 /* StringExtension.swift */,
				0A8B142B206CEE85008CE9F1 /* SMNetWorking.swift */,
			);
			path = HTNFundation;
			sourceTree = "<group>";
		};
		0A7017D82061F7E50052570F /* H5Editor */ = {
			isa = PBXGroup;
			children = (
				0A7017D92061F7F60052570F /* H5EditorStruct.swift */,
				0A7017DB2061F8910052570F /* H5EditorDatasource.swift */,
				0A7017DD2061FB010052570F /* H5EditorToFrame.swift */,
				0A711BEF2064B3D600D29D4D /* H5EditorObjc.swift */,
			);
			path = H5Editor;
			sourceTree = "<group>";
		};
		0A852D011F93216200B61F95 /* CSS */ = {
			isa = PBXGroup;
			children = (
				0A852D021F932C3D00B61F95 /* CSSParser.swift */,
				0A852D041F932D0700B61F95 /* CSSStyleSheet.swift */,
				0A852D061F932F7600B61F95 /* CSSRule.swift */,
				0A852D081F932F8500B61F95 /* CSSSelector.swift */,
				0A852D0A1F932F9800B61F95 /* CSSDeclaration.swift */,
				0A852D0C1F93776B00B61F95 /* CSSProperty.swift */,
				0A710FEF1FAAF97200B55DA9 /* CSSDefault.swift */,
			);
			path = CSS;
			sourceTree = "<group>";
		};
		0A852D0E1F93968B00B61F95 /* Layout */ = {
			isa = PBXGroup;
			children = (
				0A852D0F1F939CA500B61F95 /* RenderObject.swift */,
				0A852D111F939FAF00B61F95 /* StyleResolver.swift */,
				3F7816381FA07AA400456F0E /* LayoutElement.swift */,
				3F29BFE81FA1944600062CD7 /* HTMLToTexture.swift */,
				0A8433112057AF9D0052B31B /* JSONToFrame.swift */,
			);
			path = Layout;
			sourceTree = "<group>";
		};
		0AE212111F95F24C00473E6D /* JavaScript */ = {
			isa = PBXGroup;
			children = (
				0A8BE3111FA082EB00906BC9 /* JSNode.swift */,
				0A7CCDA91FA6D75B0032EBB2 /* JSTokenizer.swift */,
				0A7CCDAB1FA6D8370032EBB2 /* JSToken.swift */,
				0A7CCDAD1FA715ED0032EBB2 /* JSTreeBuilder.swift */,
			);
			path = JavaScript;
			sourceTree = "<group>";
		};
		21D82019BFD8DFE24DD3BB4B /* Frameworks */ = {
			isa = PBXGroup;
			children = (
				73D55FC39CF7C270DFD0E9C5 /* Pods_HTNSwift.framework */,
			);
			name = Frameworks;
			sourceTree = "<group>";
		};
		E56381B4ECEE09A26F28DD40 /* Pods */ = {
			isa = PBXGroup;
			children = (
				8AA229691E6FB57710066061 /* Pods-HTNSwift.debug.xcconfig */,
				D4B033EB16B9A0EF87E21FC5 /* Pods-HTNSwift.release.xcconfig */,
			);
			name = Pods;
			sourceTree = "<group>";
		};
/* End PBXGroup section */

/* Begin PBXNativeTarget section */
		0A64CBA71F8E1FB9003ACB5F /* HTNSwift */ = {
			isa = PBXNativeTarget;
			buildConfigurationList = 0A64CBB81F8E1FB9003ACB5F /* Build configuration list for PBXNativeTarget "HTNSwift" */;
			buildPhases = (
				D77F0F69E48BC47A30CF2D57 /* [CP] Check Pods Manifest.lock */,
				0A64CBA41F8E1FB9003ACB5F /* Sources */,
				0A64CBA51F8E1FB9003ACB5F /* Frameworks */,
				0A64CBA61F8E1FB9003ACB5F /* Resources */,
				01C87D4F90C7015C123ABAFE /* [CP] Embed Pods Frameworks */,
				40D1C6415A785CB8558238C8 /* [CP] Copy Pods Resources */,
			);
			buildRules = (
			);
			dependencies = (
			);
			name = HTNSwift;
			productName = HTNSwift;
			productReference = 0A64CBA81F8E1FB9003ACB5F /* HTNSwift.app */;
			productType = "com.apple.product-type.application";
		};
/* End PBXNativeTarget section */

/* Begin PBXProject section */
		0A64CBA01F8E1FB9003ACB5F /* Project object */ = {
			isa = PBXProject;
			attributes = {
				LastSwiftUpdateCheck = 0900;
				LastUpgradeCheck = 0900;
				ORGANIZATIONNAME = Starming;
				TargetAttributes = {
					0A64CBA71F8E1FB9003ACB5F = {
						CreatedOnToolsVersion = 9.0;
						ProvisioningStyle = Automatic;
						SystemCapabilities = {
							com.apple.Sandbox = {
								enabled = 0;
							};
						};
					};
				};
			};
			buildConfigurationList = 0A64CBA31F8E1FB9003ACB5F /* Build configuration list for PBXProject "HTNSwift" */;
			compatibilityVersion = "Xcode 8.0";
			developmentRegion = en;
			hasScannedForEncodings = 0;
			knownRegions = (
				en,
				Base,
			);
			mainGroup = 0A64CB9F1F8E1FB9003ACB5F;
			productRefGroup = 0A64CBA91F8E1FB9003ACB5F /* Products */;
			projectDirPath = "";
			projectRoot = "";
			targets = (
				0A64CBA71F8E1FB9003ACB5F /* HTNSwift */,
			);
		};
/* End PBXProject section */

/* Begin PBXResourcesBuildPhase section */
		0A64CBA61F8E1FB9003ACB5F /* Resources */ = {
			isa = PBXResourcesBuildPhase;
			buildActionMask = 2147483647;
			files = (
				0A64CBB01F8E1FB9003ACB5F /* Assets.xcassets in Resources */,
				0A64CBB31F8E1FB9003ACB5F /* Main.storyboard in Resources */,
			);
			runOnlyForDeploymentPostprocessing = 0;
		};
/* End PBXResourcesBuildPhase section */

/* Begin PBXShellScriptBuildPhase section */
		01C87D4F90C7015C123ABAFE /* [CP] Embed Pods Frameworks */ = {
			isa = PBXShellScriptBuildPhase;
			buildActionMask = 2147483647;
			files = (
			);
			inputPaths = (
				"${SRCROOT}/Pods/Target Support Files/Pods-HTNSwift/Pods-HTNSwift-frameworks.sh",
				"${BUILT_PRODUCTS_DIR}/Alamofire/Alamofire.framework",
			);
			name = "[CP] Embed Pods Frameworks";
			outputPaths = (
				"${TARGET_BUILD_DIR}/${FRAMEWORKS_FOLDER_PATH}/Alamofire.framework",
			);
			runOnlyForDeploymentPostprocessing = 0;
			shellPath = /bin/sh;
			shellScript = "\"${SRCROOT}/Pods/Target Support Files/Pods-HTNSwift/Pods-HTNSwift-frameworks.sh\"\n";
			showEnvVarsInLog = 0;
		};
		40D1C6415A785CB8558238C8 /* [CP] Copy Pods Resources */ = {
			isa = PBXShellScriptBuildPhase;
			buildActionMask = 2147483647;
			files = (
			);
			inputPaths = (
			);
			name = "[CP] Copy Pods Resources";
			outputPaths = (
			);
			runOnlyForDeploymentPostprocessing = 0;
			shellPath = /bin/sh;
			shellScript = "\"${SRCROOT}/Pods/Target Support Files/Pods-HTNSwift/Pods-HTNSwift-resources.sh\"\n";
			showEnvVarsInLog = 0;
		};
		D77F0F69E48BC47A30CF2D57 /* [CP] Check Pods Manifest.lock */ = {
			isa = PBXShellScriptBuildPhase;
			buildActionMask = 2147483647;
			files = (
			);
			inputPaths = (
				"${PODS_PODFILE_DIR_PATH}/Podfile.lock",
				"${PODS_ROOT}/Manifest.lock",
			);
			name = "[CP] Check Pods Manifest.lock";
			outputPaths = (
				"$(DERIVED_FILE_DIR)/Pods-HTNSwift-checkManifestLockResult.txt",
			);
			runOnlyForDeploymentPostprocessing = 0;
			shellPath = /bin/sh;
			shellScript = "diff \"${PODS_PODFILE_DIR_PATH}/Podfile.lock\" \"${PODS_ROOT}/Manifest.lock\" > /dev/null\nif [ $? != 0 ] ; then\n    # print error to STDERR\n    echo \"error: The sandbox is not in sync with the Podfile.lock. Run 'pod install' or update your CocoaPods installation.\" >&2\n    exit 1\nfi\n# This output is used by Xcode 'outputs' to avoid re-running this script phase.\necho \"SUCCESS\" > \"${SCRIPT_OUTPUT_FILE_0}\"\n";
			showEnvVarsInLog = 0;
		};
/* End PBXShellScriptBuildPhase section */

/* Begin PBXSourcesBuildPhase section */
		0A64CBA41F8E1FB9003ACB5F /* Sources */ = {
			isa = PBXSourcesBuildPhase;
			buildActionMask = 2147483647;
			files = (
				0A852D031F932C3D00B61F95 /* CSSParser.swift in Sources */,
				0A852D091F932F8500B61F95 /* CSSSelector.swift in Sources */,
				0A7017E0206205C00052570F /* HTNMultilingualism.swift in Sources */,
				3F7816391FA07AA400456F0E /* LayoutElement.swift in Sources */,
				0ABE0D062068F908006174D6 /* StringExtension.swift in Sources */,
				0A64CBC71F8E4A84003ACB5F /* HTMLToken.swift in Sources */,
				0A7017DE2061FB010052570F /* H5EditorToFrame.swift in Sources */,
				0A64CBD51F8F0726003ACB5F /* HTNStateMachine.swift in Sources */,
				0A8B142C206CEE85008CE9F1 /* SMNetWorking.swift in Sources */,
				0A7CCDAE1FA715ED0032EBB2 /* JSTreeBuilder.swift in Sources */,
				0A64CBC91F8E4BFA003ACB5F /* Element.swift in Sources */,
				0A64CBCB1F8E4CFE003ACB5F /* Node.swift in Sources */,
				0A64CBBF1F8E48C2003ACB5F /* HTMLTreeBuilder.swift in Sources */,
				0A7017DA2061F7F60052570F /* H5EditorStruct.swift in Sources */,
				0A852D101F939CA500B61F95 /* RenderObject.swift in Sources */,
				0A852D051F932D0700B61F95 /* CSSStyleSheet.swift in Sources */,
				0A852D0D1F93776B00B61F95 /* CSSProperty.swift in Sources */,
				0A64CBC31F8E4986003ACB5F /* Document.swift in Sources */,
				0A710FF01FAAF97200B55DA9 /* CSSDefault.swift in Sources */,
				0A7CCDAC1FA6D8370032EBB2 /* JSToken.swift in Sources */,
				0A64CBAE1F8E1FB9003ACB5F /* ViewController.swift in Sources */,
				0A711BF02064B3D600D29D4D /* H5EditorObjc.swift in Sources */,
				0A7CCDAA1FA6D75B0032EBB2 /* JSTokenizer.swift in Sources */,
				0A7017DC2061F8910052570F /* H5EditorDatasource.swift in Sources */,
				0A64CBCF1F8E4F80003ACB5F /* Attribute.swift in Sources */,
				0A852D071F932F7600B61F95 /* CSSRule.swift in Sources */,
				0A64CBAC1F8E1FB9003ACB5F /* AppDelegate.swift in Sources */,
				0A852D121F939FAF00B61F95 /* StyleResolver.swift in Sources */,
				3F29BFE91FA1944600062CD7 /* HTMLToTexture.swift in Sources */,
				0A8BE3121FA082EB00906BC9 /* JSNode.swift in Sources */,
				0A852D0B1F932F9800B61F95 /* CSSDeclaration.swift in Sources */,
				0A8433122057AF9D0052B31B /* JSONToFrame.swift in Sources */,
				0A64CBBD1F8E2007003ACB5F /* HTMLTokenizer.swift in Sources */,
			);
			runOnlyForDeploymentPostprocessing = 0;
		};
/* End PBXSourcesBuildPhase section */

/* Begin PBXVariantGroup section */
		0A64CBB11F8E1FB9003ACB5F /* Main.storyboard */ = {
			isa = PBXVariantGroup;
			children = (
				0A64CBB21F8E1FB9003ACB5F /* Base */,
			);
			name = Main.storyboard;
			sourceTree = "<group>";
		};
/* End PBXVariantGroup section */

/* Begin XCBuildConfiguration section */
		0A64CBB61F8E1FB9003ACB5F /* Debug */ = {
			isa = XCBuildConfiguration;
			buildSettings = {
				ALWAYS_SEARCH_USER_PATHS = NO;
				CLANG_ANALYZER_NONNULL = YES;
				CLANG_ANALYZER_NUMBER_OBJECT_CONVERSION = YES_AGGRESSIVE;
				CLANG_CXX_LANGUAGE_STANDARD = "gnu++14";
				CLANG_CXX_LIBRARY = "libc++";
				CLANG_ENABLE_MODULES = YES;
				CLANG_ENABLE_OBJC_ARC = YES;
				CLANG_WARN_BLOCK_CAPTURE_AUTORELEASING = YES;
				CLANG_WARN_BOOL_CONVERSION = YES;
				CLANG_WARN_COMMA = YES;
				CLANG_WARN_CONSTANT_CONVERSION = YES;
				CLANG_WARN_DIRECT_OBJC_ISA_USAGE = YES_ERROR;
				CLANG_WARN_DOCUMENTATION_COMMENTS = YES;
				CLANG_WARN_EMPTY_BODY = YES;
				CLANG_WARN_ENUM_CONVERSION = YES;
				CLANG_WARN_INFINITE_RECURSION = YES;
				CLANG_WARN_INT_CONVERSION = YES;
				CLANG_WARN_NON_LITERAL_NULL_CONVERSION = YES;
				CLANG_WARN_OBJC_LITERAL_CONVERSION = YES;
				CLANG_WARN_OBJC_ROOT_CLASS = YES_ERROR;
				CLANG_WARN_RANGE_LOOP_ANALYSIS = YES;
				CLANG_WARN_STRICT_PROTOTYPES = YES;
				CLANG_WARN_SUSPICIOUS_MOVE = YES;
				CLANG_WARN_UNGUARDED_AVAILABILITY = YES_AGGRESSIVE;
				CLANG_WARN_UNREACHABLE_CODE = YES;
				CLANG_WARN__DUPLICATE_METHOD_MATCH = YES;
				CODE_SIGN_IDENTITY = "-";
				COPY_PHASE_STRIP = NO;
				DEBUG_INFORMATION_FORMAT = dwarf;
				ENABLE_STRICT_OBJC_MSGSEND = YES;
				ENABLE_TESTABILITY = YES;
				GCC_C_LANGUAGE_STANDARD = gnu11;
				GCC_DYNAMIC_NO_PIC = NO;
				GCC_NO_COMMON_BLOCKS = YES;
				GCC_OPTIMIZATION_LEVEL = 0;
				GCC_PREPROCESSOR_DEFINITIONS = (
					"DEBUG=1",
					"$(inherited)",
				);
				GCC_WARN_64_TO_32_BIT_CONVERSION = YES;
				GCC_WARN_ABOUT_RETURN_TYPE = YES_ERROR;
				GCC_WARN_UNDECLARED_SELECTOR = YES;
				GCC_WARN_UNINITIALIZED_AUTOS = YES_AGGRESSIVE;
				GCC_WARN_UNUSED_FUNCTION = YES;
				GCC_WARN_UNUSED_VARIABLE = YES;
				MACOSX_DEPLOYMENT_TARGET = 10.12;
				MTL_ENABLE_DEBUG_INFO = YES;
				ONLY_ACTIVE_ARCH = YES;
				SDKROOT = macosx;
				SWIFT_ACTIVE_COMPILATION_CONDITIONS = DEBUG;
				SWIFT_OPTIMIZATION_LEVEL = "-Onone";
			};
			name = Debug;
		};
		0A64CBB71F8E1FB9003ACB5F /* Release */ = {
			isa = XCBuildConfiguration;
			buildSettings = {
				ALWAYS_SEARCH_USER_PATHS = NO;
				CLANG_ANALYZER_NONNULL = YES;
				CLANG_ANALYZER_NUMBER_OBJECT_CONVERSION = YES_AGGRESSIVE;
				CLANG_CXX_LANGUAGE_STANDARD = "gnu++14";
				CLANG_CXX_LIBRARY = "libc++";
				CLANG_ENABLE_MODULES = YES;
				CLANG_ENABLE_OBJC_ARC = YES;
				CLANG_WARN_BLOCK_CAPTURE_AUTORELEASING = YES;
				CLANG_WARN_BOOL_CONVERSION = YES;
				CLANG_WARN_COMMA = YES;
				CLANG_WARN_CONSTANT_CONVERSION = YES;
				CLANG_WARN_DIRECT_OBJC_ISA_USAGE = YES_ERROR;
				CLANG_WARN_DOCUMENTATION_COMMENTS = YES;
				CLANG_WARN_EMPTY_BODY = YES;
				CLANG_WARN_ENUM_CONVERSION = YES;
				CLANG_WARN_INFINITE_RECURSION = YES;
				CLANG_WARN_INT_CONVERSION = YES;
				CLANG_WARN_NON_LITERAL_NULL_CONVERSION = YES;
				CLANG_WARN_OBJC_LITERAL_CONVERSION = YES;
				CLANG_WARN_OBJC_ROOT_CLASS = YES_ERROR;
				CLANG_WARN_RANGE_LOOP_ANALYSIS = YES;
				CLANG_WARN_STRICT_PROTOTYPES = YES;
				CLANG_WARN_SUSPICIOUS_MOVE = YES;
				CLANG_WARN_UNGUARDED_AVAILABILITY = YES_AGGRESSIVE;
				CLANG_WARN_UNREACHABLE_CODE = YES;
				CLANG_WARN__DUPLICATE_METHOD_MATCH = YES;
				CODE_SIGN_IDENTITY = "-";
				COPY_PHASE_STRIP = NO;
				DEBUG_INFORMATION_FORMAT = "dwarf-with-dsym";
				ENABLE_NS_ASSERTIONS = NO;
				ENABLE_STRICT_OBJC_MSGSEND = YES;
				GCC_C_LANGUAGE_STANDARD = gnu11;
				GCC_NO_COMMON_BLOCKS = YES;
				GCC_WARN_64_TO_32_BIT_CONVERSION = YES;
				GCC_WARN_ABOUT_RETURN_TYPE = YES_ERROR;
				GCC_WARN_UNDECLARED_SELECTOR = YES;
				GCC_WARN_UNINITIALIZED_AUTOS = YES_AGGRESSIVE;
				GCC_WARN_UNUSED_FUNCTION = YES;
				GCC_WARN_UNUSED_VARIABLE = YES;
				MACOSX_DEPLOYMENT_TARGET = 10.12;
				MTL_ENABLE_DEBUG_INFO = NO;
				SDKROOT = macosx;
				SWIFT_OPTIMIZATION_LEVEL = "-Owholemodule";
			};
			name = Release;
		};
		0A64CBB91F8E1FB9003ACB5F /* Debug */ = {
			isa = XCBuildConfiguration;
			baseConfigurationReference = 8AA229691E6FB57710066061 /* Pods-HTNSwift.debug.xcconfig */;
			buildSettings = {
				ASSETCATALOG_COMPILER_APPICON_NAME = AppIcon;
				CODE_SIGN_STYLE = Automatic;
				COMBINE_HIDPI_IMAGES = YES;
				INFOPLIST_FILE = HTNSwift/Info.plist;
				LD_RUNPATH_SEARCH_PATHS = "$(inherited) @executable_path/../Frameworks";
				PRODUCT_BUNDLE_IDENTIFIER = com.starming.HTNSwift;
				PRODUCT_NAME = "$(TARGET_NAME)";
				SWIFT_VERSION = 4.0;
			};
			name = Debug;
		};
		0A64CBBA1F8E1FB9003ACB5F /* Release */ = {
			isa = XCBuildConfiguration;
			baseConfigurationReference = D4B033EB16B9A0EF87E21FC5 /* Pods-HTNSwift.release.xcconfig */;
			buildSettings = {
				ASSETCATALOG_COMPILER_APPICON_NAME = AppIcon;
				CODE_SIGN_STYLE = Automatic;
				COMBINE_HIDPI_IMAGES = YES;
				INFOPLIST_FILE = HTNSwift/Info.plist;
				LD_RUNPATH_SEARCH_PATHS = "$(inherited) @executable_path/../Frameworks";
				PRODUCT_BUNDLE_IDENTIFIER = com.starming.HTNSwift;
				PRODUCT_NAME = "$(TARGET_NAME)";
				SWIFT_VERSION = 4.0;
			};
			name = Release;
		};
/* End XCBuildConfiguration section */

/* Begin XCConfigurationList section */
		0A64CBA31F8E1FB9003ACB5F /* Build configuration list for PBXProject "HTNSwift" */ = {
			isa = XCConfigurationList;
			buildConfigurations = (
				0A64CBB61F8E1FB9003ACB5F /* Debug */,
				0A64CBB71F8E1FB9003ACB5F /* Release */,
			);
			defaultConfigurationIsVisible = 0;
			defaultConfigurationName = Release;
		};
		0A64CBB81F8E1FB9003ACB5F /* Build configuration list for PBXNativeTarget "HTNSwift" */ = {
			isa = XCConfigurationList;
			buildConfigurations = (
				0A64CBB91F8E1FB9003ACB5F /* Debug */,
				0A64CBBA1F8E1FB9003ACB5F /* Release */,
			);
			defaultConfigurationIsVisible = 0;
			defaultConfigurationName = Release;
		};
/* End XCConfigurationList section */
	};
	rootObject = 0A64CBA01F8E1FB9003ACB5F /* Project object */;
}
